// !$*UTF8*$!
{
	archiveVersion = 1;
	classes = {
	};
	objectVersion = 51;
	objects = {

/* Begin PBXBuildFile section */
		2C062A8026C21B2500EC387E /* AppDelegate.swift in Sources */ = {isa = PBXBuildFile; fileRef = 2C062A7F26C21B2500EC387E /* AppDelegate.swift */; };
		2C062A8226C21B2500EC387E /* SceneDelegate.swift in Sources */ = {isa = PBXBuildFile; fileRef = 2C062A8126C21B2500EC387E /* SceneDelegate.swift */; };
		2C062A8426C21B2500EC387E /* ViewController.swift in Sources */ = {isa = PBXBuildFile; fileRef = 2C062A8326C21B2500EC387E /* ViewController.swift */; };
		2C062A8726C21B2500EC387E /* Main.storyboard in Resources */ = {isa = PBXBuildFile; fileRef = 2C062A8526C21B2500EC387E /* Main.storyboard */; };
		2C062A8926C21B2500EC387E /* Assets.xcassets in Resources */ = {isa = PBXBuildFile; fileRef = 2C062A8826C21B2500EC387E /* Assets.xcassets */; };
		2C062A8C26C21B2500EC387E /* LaunchScreen.storyboard in Resources */ = {isa = PBXBuildFile; fileRef = 2C062A8A26C21B2500EC387E /* LaunchScreen.storyboard */; };
		5D4A50EB60CBA634FDB2407B /* Pods_dutestapp.framework in Frameworks */ = {isa = PBXBuildFile; fileRef = C14EEAC51B32B0FC41476E5D /* Pods_dutestapp.framework */; };
/* End PBXBuildFile section */

/* Begin PBXFileReference section */
		2C062A7C26C21B2500EC387E /* dutestapp.app */ = {isa = PBXFileReference; explicitFileType = wrapper.application; includeInIndex = 0; path = dutestapp.app; sourceTree = BUILT_PRODUCTS_DIR; };
		2C062A7F26C21B2500EC387E /* AppDelegate.swift */ = {isa = PBXFileReference; lastKnownFileType = sourcecode.swift; path = AppDelegate.swift; sourceTree = "<group>"; };
		2C062A8126C21B2500EC387E /* SceneDelegate.swift */ = {isa = PBXFileReference; lastKnownFileType = sourcecode.swift; path = SceneDelegate.swift; sourceTree = "<group>"; };
		2C062A8326C21B2500EC387E /* ViewController.swift */ = {isa = PBXFileReference; lastKnownFileType = sourcecode.swift; path = ViewController.swift; sourceTree = "<group>"; };
		2C062A8626C21B2500EC387E /* Base */ = {isa = PBXFileReference; lastKnownFileType = file.storyboard; name = Base; path = Base.lproj/Main.storyboard; sourceTree = "<group>"; };
		2C062A8826C21B2500EC387E /* Assets.xcassets */ = {isa = PBXFileReference; lastKnownFileType = folder.assetcatalog; path = Assets.xcassets; sourceTree = "<group>"; };
		2C062A8B26C21B2500EC387E /* Base */ = {isa = PBXFileReference; lastKnownFileType = file.storyboard; name = Base; path = Base.lproj/LaunchScreen.storyboard; sourceTree = "<group>"; };
		2C062A8D26C21B2500EC387E /* Info.plist */ = {isa = PBXFileReference; lastKnownFileType = text.plist.xml; path = Info.plist; sourceTree = "<group>"; };
		AE51035772B6B0415F38AA22 /* Pods-dutestapp.debug.xcconfig */ = {isa = PBXFileReference; includeInIndex = 1; lastKnownFileType = text.xcconfig; name = "Pods-dutestapp.debug.xcconfig"; path = "Target Support Files/Pods-dutestapp/Pods-dutestapp.debug.xcconfig"; sourceTree = "<group>"; };
		C14EEAC51B32B0FC41476E5D /* Pods_dutestapp.framework */ = {isa = PBXFileReference; explicitFileType = wrapper.framework; includeInIndex = 0; path = Pods_dutestapp.framework; sourceTree = BUILT_PRODUCTS_DIR; };
		F462E06A4A747FDEB7895A85 /* Pods-dutestapp.release.xcconfig */ = {isa = PBXFileReference; includeInIndex = 1; lastKnownFileType = text.xcconfig; name = "Pods-dutestapp.release.xcconfig"; path = "Target Support Files/Pods-dutestapp/Pods-dutestapp.release.xcconfig"; sourceTree = "<group>"; };
/* End PBXFileReference section */

/* Begin PBXFrameworksBuildPhase section */
		2C062A7926C21B2500EC387E /* Frameworks */ = {
			isa = PBXFrameworksBuildPhase;
			buildActionMask = 2147483647;
			files = (
				5D4A50EB60CBA634FDB2407B /* Pods_dutestapp.framework in Frameworks */,
			);
			runOnlyForDeploymentPostprocessing = 0;
		};
/* End PBXFrameworksBuildPhase section */

/* Begin PBXGroup section */
		2C062A7326C21B2500EC387E = {
			isa = PBXGroup;
			children = (
				2C062A7E26C21B2500EC387E /* dutestapp */,
				2C062A7D26C21B2500EC387E /* Products */,
				DADCD59BBCAB568F2EA539D3 /* Pods */,
				6F3458B8B8C4D01889E60C99 /* Frameworks */,
			);
			sourceTree = "<group>";
		};
		2C062A7D26C21B2500EC387E /* Products */ = {
			isa = PBXGroup;
			children = (
				2C062A7C26C21B2500EC387E /* dutestapp.app */,
			);
			name = Products;
			sourceTree = "<group>";
		};
		2C062A7E26C21B2500EC387E /* dutestapp */ = {
			isa = PBXGroup;
			children = (
				2C062A7F26C21B2500EC387E /* AppDelegate.swift */,
				2C062A8126C21B2500EC387E /* SceneDelegate.swift */,
				2C062A8326C21B2500EC387E /* ViewController.swift */,
				2C062A8526C21B2500EC387E /* Main.storyboard */,
				2C062A8826C21B2500EC387E /* Assets.xcassets */,
				2C062A8A26C21B2500EC387E /* LaunchScreen.storyboard */,
				2C062A8D26C21B2500EC387E /* Info.plist */,
			);
			path = dutestapp;
			sourceTree = "<group>";
		};
		6F3458B8B8C4D01889E60C99 /* Frameworks */ = {
			isa = PBXGroup;
			children = (
				C14EEAC51B32B0FC41476E5D /* Pods_dutestapp.framework */,
			);
			name = Frameworks;
			sourceTree = "<group>";
		};
		DADCD59BBCAB568F2EA539D3 /* Pods */ = {
			isa = PBXGroup;
			children = (
				AE51035772B6B0415F38AA22 /* Pods-dutestapp.debug.xcconfig */,
				F462E06A4A747FDEB7895A85 /* Pods-dutestapp.release.xcconfig */,
			);
			path = Pods;
			sourceTree = "<group>";
		};
/* End PBXGroup section */

/* Begin PBXNativeTarget section */
		2C062A7B26C21B2500EC387E /* dutestapp */ = {
			isa = PBXNativeTarget;
			buildConfigurationList = 2C062A9026C21B2500EC387E /* Build configuration list for PBXNativeTarget "dutestapp" */;
			buildPhases = (
				0372930C1A9BCFA715440E21 /* [CP] Check Pods Manifest.lock */,
				2C062A7826C21B2500EC387E /* Sources */,
				2C062A7926C21B2500EC387E /* Frameworks */,
				2C062A7A26C21B2500EC387E /* Resources */,
				B5F18E1FEFFB49587E0A689A /* [CP] Embed Pods Frameworks */,
			);
			buildRules = (
			);
			dependencies = (
			);
			name = dutestapp;
			productName = dutestapp;
			productReference = 2C062A7C26C21B2500EC387E /* dutestapp.app */;
			productType = "com.apple.product-type.application";
		};
/* End PBXNativeTarget section */

/* Begin PBXProject section */
		2C062A7426C21B2500EC387E /* Project object */ = {
			isa = PBXProject;
			attributes = {
				LastSwiftUpdateCheck = 1250;
				LastUpgradeCheck = 1250;
				TargetAttributes = {
					2C062A7B26C21B2500EC387E = {
						CreatedOnToolsVersion = 12.5.1;
					};
				};
			};
			buildConfigurationList = 2C062A7726C21B2500EC387E /* Build configuration list for PBXProject "dutestapp" */;
			compatibilityVersion = "Xcode 9.3";
			developmentRegion = en;
			hasScannedForEncodings = 0;
			knownRegions = (
				en,
				Base,
			);
			mainGroup = 2C062A7326C21B2500EC387E;
			productRefGroup = 2C062A7D26C21B2500EC387E /* Products */;
			projectDirPath = "";
			projectRoot = "";
			targets = (
				2C062A7B26C21B2500EC387E /* dutestapp */,
			);
		};
/* End PBXProject section */

/* Begin PBXResourcesBuildPhase section */
		2C062A7A26C21B2500EC387E /* Resources */ = {
			isa = PBXResourcesBuildPhase;
			buildActionMask = 2147483647;
			files = (
				2C062A8C26C21B2500EC387E /* LaunchScreen.storyboard in Resources */,
				2C062A8926C21B2500EC387E /* Assets.xcassets in Resources */,
				2C062A8726C21B2500EC387E /* Main.storyboard in Resources */,
			);
			runOnlyForDeploymentPostprocessing = 0;
		};
/* End PBXResourcesBuildPhase section */

/* Begin PBXShellScriptBuildPhase section */
		0372930C1A9BCFA715440E21 /* [CP] Check Pods Manifest.lock */ = {
			isa = PBXShellScriptBuildPhase;
			buildActionMask = 2147483647;
			files = (
			);
			inputFileListPaths = (
			);
			inputPaths = (
				"${PODS_PODFILE_DIR_PATH}/Podfile.lock",
				"${PODS_ROOT}/Manifest.lock",
			);
			name = "[CP] Check Pods Manifest.lock";
			outputFileListPaths = (
			);
			outputPaths = (
				"$(DERIVED_FILE_DIR)/Pods-dutestapp-checkManifestLockResult.txt",
			);
			runOnlyForDeploymentPostprocessing = 0;
			shellPath = /bin/sh;
			shellScript = "diff \"${PODS_PODFILE_DIR_PATH}/Podfile.lock\" \"${PODS_ROOT}/Manifest.lock\" > /dev/null\nif [ $? != 0 ] ; then\n    # print error to STDERR\n    echo \"error: The sandbox is not in sync with the Podfile.lock. Run 'pod install' or update your CocoaPods installation.\" >&2\n    exit 1\nfi\n# This output is used by Xcode 'outputs' to avoid re-running this script phase.\necho \"SUCCESS\" > \"${SCRIPT_OUTPUT_FILE_0}\"\n";
			showEnvVarsInLog = 0;
		};
		B5F18E1FEFFB49587E0A689A /* [CP] Embed Pods Frameworks */ = {
			isa = PBXShellScriptBuildPhase;
			buildActionMask = 2147483647;
			files = (
			);
			inputFileListPaths = (
				"${PODS_ROOT}/Target Support Files/Pods-dutestapp/Pods-dutestapp-frameworks-${CONFIGURATION}-input-files.xcfilelist",
			);
			name = "[CP] Embed Pods Frameworks";
			outputFileListPaths = (
				"${PODS_ROOT}/Target Support Files/Pods-dutestapp/Pods-dutestapp-frameworks-${CONFIGURATION}-output-files.xcfilelist",
			);
			runOnlyForDeploymentPostprocessing = 0;
			shellPath = /bin/sh;
			shellScript = "\"${PODS_ROOT}/Target Support Files/Pods-dutestapp/Pods-dutestapp-frameworks.sh\"\n";
			showEnvVarsInLog = 0;
		};
/* End PBXShellScriptBuildPhase section */

/* Begin PBXSourcesBuildPhase section */
		2C062A7826C21B2500EC387E /* Sources */ = {
			isa = PBXSourcesBuildPhase;
			buildActionMask = 2147483647;
			files = (
				2C062A8426C21B2500EC387E /* ViewController.swift in Sources */,
				2C062A8026C21B2500EC387E /* AppDelegate.swift in Sources */,
				2C062A8226C21B2500EC387E /* SceneDelegate.swift in Sources */,
			);
			runOnlyForDeploymentPostprocessing = 0;
		};
/* End PBXSourcesBuildPhase section */

/* Begin PBXVariantGroup section */
		2C062A8526C21B2500EC387E /* Main.storyboard */ = {
			isa = PBXVariantGroup;
			children = (
				2C062A8626C21B2500EC387E /* Base */,
			);
			name = Main.storyboard;
			sourceTree = "<group>";
		};
		2C062A8A26C21B2500EC387E /* LaunchScreen.storyboard */ = {
			isa = PBXVariantGroup;
			children = (
				2C062A8B26C21B2500EC387E /* Base */,
			);
			name = LaunchScreen.storyboard;
			sourceTree = "<group>";
		};
/* End PBXVariantGroup section */

/* Begin XCBuildConfiguration section */
		2C062A8E26C21B2500EC387E /* Debug */ = {
			isa = XCBuildConfiguration;
			buildSettings = {
				ALWAYS_SEARCH_USER_PATHS = NO;
				CLANG_ANALYZER_NONNULL = YES;
				CLANG_ANALYZER_NUMBER_OBJECT_CONVERSION = YES_AGGRESSIVE;
				CLANG_CXX_LANGUAGE_STANDARD = "gnu++14";
				CLANG_CXX_LIBRARY = "libc++";
				CLANG_ENABLE_MODULES = YES;
				CLANG_ENABLE_OBJC_ARC = YES;
				CLANG_ENABLE_OBJC_WEAK = YES;
				CLANG_WARN_BLOCK_CAPTURE_AUTORELEASING = YES;
				CLANG_WARN_BOOL_CONVERSION = YES;
				CLANG_WARN_COMMA = YES;
				CLANG_WARN_CONSTANT_CONVERSION = YES;
				CLANG_WARN_DEPRECATED_OBJC_IMPLEMENTATIONS = YES;
				CLANG_WARN_DIRECT_OBJC_ISA_USAGE = YES_ERROR;
				CLANG_WARN_DOCUMENTATION_COMMENTS = YES;
				CLANG_WARN_EMPTY_BODY = YES;
				CLANG_WARN_ENUM_CONVERSION = YES;
				CLANG_WARN_INFINITE_RECURSION = YES;
				CLANG_WARN_INT_CONVERSION = YES;
				CLANG_WARN_NON_LITERAL_NULL_CONVERSION = YES;
				CLANG_WARN_OBJC_IMPLICIT_RETAIN_SELF = YES;
				CLANG_WARN_OBJC_LITERAL_CONVERSION = YES;
				CLANG_WARN_OBJC_ROOT_CLASS = YES_ERROR;
				CLANG_WARN_QUOTED_INCLUDE_IN_FRAMEWORK_HEADER = YES;
				CLANG_WARN_RANGE_LOOP_ANALYSIS = YES;
				CLANG_WARN_STRICT_PROTOTYPES = YES;
				CLANG_WARN_SUSPICIOUS_MOVE = YES;
				CLANG_WARN_UNGUARDED_AVAILABILITY = YES_AGGRESSIVE;
				CLANG_WARN_UNREACHABLE_CODE = YES;
				CLANG_WARN__DUPLICATE_METHOD_MATCH = YES;
				COPY_PHASE_STRIP = NO;
				DEBUG_INFORMATION_FORMAT = dwarf;
				ENABLE_STRICT_OBJC_MSGSEND = YES;
				ENABLE_TESTABILITY = YES;
				GCC_C_LANGUAGE_STANDARD = gnu11;
				GCC_DYNAMIC_NO_PIC = NO;
				GCC_NO_COMMON_BLOCKS = YES;
				GCC_OPTIMIZATION_LEVEL = 0;
				GCC_PREPROCESSOR_DEFINITIONS = (
					"DEBUG=1",
					"$(inherited)",
				);
				GCC_WARN_64_TO_32_BIT_CONVERSION = YES;
				GCC_WARN_ABOUT_RETURN_TYPE = YES_ERROR;
				GCC_WARN_UNDECLARED_SELECTOR = YES;
				GCC_WARN_UNINITIALIZED_AUTOS = YES_AGGRESSIVE;
				GCC_WARN_UNUSED_FUNCTION = YES;
				GCC_WARN_UNUSED_VARIABLE = YES;
				IPHONEOS_DEPLOYMENT_TARGET = 14.5;
				MTL_ENABLE_DEBUG_INFO = INCLUDE_SOURCE;
				MTL_FAST_MATH = YES;
				ONLY_ACTIVE_ARCH = YES;
				SDKROOT = iphoneos;
				SWIFT_ACTIVE_COMPILATION_CONDITIONS = DEBUG;
				SWIFT_OPTIMIZATION_LEVEL = "-Onone";
			};
			name = Debug;
		};
		2C062A8F26C21B2500EC387E /* Release */ = {
			isa = XCBuildConfiguration;
			buildSettings = {
				ALWAYS_SEARCH_USER_PATHS = NO;
				CLANG_ANALYZER_NONNULL = YES;
				CLANG_ANALYZER_NUMBER_OBJECT_CONVERSION = YES_AGGRESSIVE;
				CLANG_CXX_LANGUAGE_STANDARD = "gnu++14";
				CLANG_CXX_LIBRARY = "libc++";
				CLANG_ENABLE_MODULES = YES;
				CLANG_ENABLE_OBJC_ARC = YES;
				CLANG_ENABLE_OBJC_WEAK = YES;
				CLANG_WARN_BLOCK_CAPTURE_AUTORELEASING = YES;
				CLANG_WARN_BOOL_CONVERSION = YES;
				CLANG_WARN_COMMA = YES;
				CLANG_WARN_CONSTANT_CONVERSION = YES;
				CLANG_WARN_DEPRECATED_OBJC_IMPLEMENTATIONS = YES;
				CLANG_WARN_DIRECT_OBJC_ISA_USAGE = YES_ERROR;
				CLANG_WARN_DOCUMENTATION_COMMENTS = YES;
				CLANG_WARN_EMPTY_BODY = YES;
				CLANG_WARN_ENUM_CONVERSION = YES;
				CLANG_WARN_INFINITE_RECURSION = YES;
				CLANG_WARN_INT_CONVERSION = YES;
				CLANG_WARN_NON_LITERAL_NULL_CONVERSION = YES;
				CLANG_WARN_OBJC_IMPLICIT_RETAIN_SELF = YES;
				CLANG_WARN_OBJC_LITERAL_CONVERSION = YES;
				CLANG_WARN_OBJC_ROOT_CLASS = YES_ERROR;
				CLANG_WARN_QUOTED_INCLUDE_IN_FRAMEWORK_HEADER = YES;
				CLANG_WARN_RANGE_LOOP_ANALYSIS = YES;
				CLANG_WARN_STRICT_PROTOTYPES = YES;
				CLANG_WARN_SUSPICIOUS_MOVE = YES;
				CLANG_WARN_UNGUARDED_AVAILABILITY = YES_AGGRESSIVE;
				CLANG_WARN_UNREACHABLE_CODE = YES;
				CLANG_WARN__DUPLICATE_METHOD_MATCH = YES;
				COPY_PHASE_STRIP = NO;
				DEBUG_INFORMATION_FORMAT = "dwarf-with-dsym";
				ENABLE_NS_ASSERTIONS = NO;
				ENABLE_STRICT_OBJC_MSGSEND = YES;
				GCC_C_LANGUAGE_STANDARD = gnu11;
				GCC_NO_COMMON_BLOCKS = YES;
				GCC_WARN_64_TO_32_BIT_CONVERSION = YES;
				GCC_WARN_ABOUT_RETURN_TYPE = YES_ERROR;
				GCC_WARN_UNDECLARED_SELECTOR = YES;
				GCC_WARN_UNINITIALIZED_AUTOS = YES_AGGRESSIVE;
				GCC_WARN_UNUSED_FUNCTION = YES;
				GCC_WARN_UNUSED_VARIABLE = YES;
				IPHONEOS_DEPLOYMENT_TARGET = 14.5;
				MTL_ENABLE_DEBUG_INFO = NO;
				MTL_FAST_MATH = YES;
				SDKROOT = iphoneos;
				SWIFT_COMPILATION_MODE = wholemodule;
				SWIFT_OPTIMIZATION_LEVEL = "-O";
				VALIDATE_PRODUCT = YES;
			};
			name = Release;
		};
		2C062A9126C21B2500EC387E /* Debug */ = {
			isa = XCBuildConfiguration;
			baseConfigurationReference = AE51035772B6B0415F38AA22 /* Pods-dutestapp.debug.xcconfig */;
			buildSettings = {
				ASSETCATALOG_COMPILER_APPICON_NAME = AppIcon;
				ASSETCATALOG_COMPILER_GLOBAL_ACCENT_COLOR_NAME = AccentColor;
				CODE_SIGN_STYLE = Automatic;
				INFOPLIST_FILE = dutestapp/Info.plist;
				LD_RUNPATH_SEARCH_PATHS = (
					"$(inherited)",
					"@executable_path/Frameworks",
				);
				MARKETING_VERSION = 3.0.9;
				PRODUCT_BUNDLE_IDENTIFIER = com.onmobile.OnMobileRBTSDKiOS;
				PRODUCT_NAME = "$(TARGET_NAME)";
				SWIFT_VERSION = 5.0;
				TARGETED_DEVICE_FAMILY = "1,2";
			};
			name = Debug;
		};
		2C062A9226C21B2500EC387E /* Release */ = {
			isa = XCBuildConfiguration;
			baseConfigurationReference = F462E06A4A747FDEB7895A85 /* Pods-dutestapp.release.xcconfig */;
			buildSettings = {
				ASSETCATALOG_COMPILER_APPICON_NAME = AppIcon;
				ASSETCATALOG_COMPILER_GLOBAL_ACCENT_COLOR_NAME = AccentColor;
				CODE_SIGN_STYLE = Automatic;
				INFOPLIST_FILE = dutestapp/Info.plist;
				LD_RUNPATH_SEARCH_PATHS = (
					"$(inherited)",
					"@executable_path/Frameworks",
				);
				MARKETING_VERSION = 3.0.9;
				PRODUCT_BUNDLE_IDENTIFIER = com.onmobile.OnMobileRBTSDKiOS;
				PRODUCT_NAME = "$(TARGET_NAME)";
				SWIFT_VERSION = 5.0;
				TARGETED_DEVICE_FAMILY = "1,2";
			};
			name = Release;
		};
/* End XCBuildConfiguration section */

/* Begin XCConfigurationList section */
		2C062A7726C21B2500EC387E /* Build configuration list for PBXProject "dutestapp" */ = {
			isa = XCConfigurationList;
			buildConfigurations = (
				2C062A8E26C21B2500EC387E /* Debug */,
				2C062A8F26C21B2500EC387E /* Release */,
			);
			defaultConfigurationIsVisible = 0;
			defaultConfigurationName = Release;
		};
		2C062A9026C21B2500EC387E /* Build configuration list for PBXNativeTarget "dutestapp" */ = {
			isa = XCConfigurationList;
			buildConfigurations = (
				2C062A9126C21B2500EC387E /* Debug */,
				2C062A9226C21B2500EC387E /* Release */,
			);
			defaultConfigurationIsVisible = 0;
			defaultConfigurationName = Release;
		};
/* End XCConfigurationList section */
	};
	rootObject = 2C062A7426C21B2500EC387E /* Project object */;
}
